
Microsoft Visual Studio Solution File, Format Version 12.00
# Visual Studio Version 17
VisualStudioVersion = 17.6.33829.357
MinimumVisualStudioVersion = 10.0.40219.1
Project("{9A19103F-16F7-4668-BE54-9A1E7A4F7556}") = "GarmentRecordSystem", "GarmentRecordSystem\GarmentRecordSystem.csproj", "{8829D22A-A77B-418A-AD0A-AB01EC9D6E94}"
EndProject
Project("{9A19103F-16F7-4668-BE54-9A1E7A4F7556}") = "ConsoleBasedUI", "ConsoleBasedUI\ConsoleBasedUI.csproj", "{8313034E-A882-477E-B4F4-3546B07ADD55}"
EndProject
Project("{2150E333-8FDC-42A3-9474-1A3956D46DE8}") = "Solution Items", "Solution Items", "{6DB96FA4-0FBC-4D9A-BECC-0D92C2CCB53F}"
	ProjectSection(SolutionItems) = preProject
		ConsoleBasedUI\bin\Debug\net7.0\garments.json = ConsoleBasedUI\bin\Debug\net7.0\garments.json
	EndProjectSection
EndProject
Project("{FAE04EC0-301F-11D3-BF4B-00C04F79EFBC}") = "WPFbasedUI", "WPFbasedUI\WPFbasedUI.csproj", "{84F51A85-D1A0-42CD-9105-0AB7617FCE63}"
EndProject
Global
	GlobalSection(SolutionConfigurationPlatforms) = preSolution
		Debug|Any CPU = Debug|Any CPU
		Release|Any CPU = Release|Any CPU
	EndGlobalSection
	GlobalSection(ProjectConfigurationPlatforms) = postSolution
		{8829D22A-A77B-418A-AD0A-AB01EC9D6E94}.Debug|Any CPU.ActiveCfg = Debug|Any CPU
		{8829D22A-A77B-418A-AD0A-AB01EC9D6E94}.Debug|Any CPU.Build.0 = Debug|Any CPU
		{8829D22A-A77B-418A-AD0A-AB01EC9D6E94}.Release|Any CPU.ActiveCfg = Release|Any CPU
		{8829D22A-A77B-418A-AD0A-AB01EC9D6E94}.Release|Any CPU.Build.0 = Release|Any CPU
		{8313034E-A882-477E-B4F4-3546B07ADD55}.Debug|Any CPU.ActiveCfg = Debug|Any CPU
		{8313034E-A882-477E-B4F4-3546B07ADD55}.Debug|Any CPU.Build.0 = Debug|Any CPU
		{8313034E-A882-477E-B4F4-3546B07ADD55}.Release|Any CPU.ActiveCfg = Release|Any CPU
		{8313034E-A882-477E-B4F4-3546B07ADD55}.Release|Any CPU.Build.0 = Release|Any CPU
		{84F51A85-D1A0-42CD-9105-0AB7617FCE63}.Debug|Any CPU.ActiveCfg = Debug|Any CPU
		{84F51A85-D1A0-42CD-9105-0AB7617FCE63}.Debug|Any CPU.Build.0 = Debug|Any CPU
		{84F51A85-D1A0-42CD-9105-0AB7617FCE63}.Release|Any CPU.ActiveCfg = Release|Any CPU
		{84F51A85-D1A0-42CD-9105-0AB7617FCE63}.Release|Any CPU.Build.0 = Release|Any CPU
	EndGlobalSection
	GlobalSection(SolutionProperties) = preSolution
		HideSolutionNode = FALSE
	EndGlobalSection
	GlobalSection(ExtensibilityGlobals) = postSolution
		SolutionGuid = {D6D8B486-4676-4CBA-8F1E-05AFD583825B}
	EndGlobalSection
EndGlobal
